
Microsoft Visual Studio Solution File, Format Version 12.00
# Visual Studio Version 16
VisualStudioVersion = 16.0.30225.117
MinimumVisualStudioVersion = 10.0.40219.1
Project("{9A19103F-16F7-4668-BE54-9A1E7A4F7556}") = "Indicators", "Indicators\Indicators.csproj", "{9C0EBC00-9BCA-45A6-B8E1-2B19E3343299}"
EndProject
Project("{FAE04EC0-301F-11D3-BF4B-00C04F79EFBC}") = "IIndicatorsTest", "IIndicatorsTest\IIndicatorsTest.csproj", "{9D706DD7-EFE8-4034-94BF-66C0950B00FA}"
EndProject
Global
	GlobalSection(SolutionConfigurationPlatforms) = preSolution
		Debug|Any CPU = Debug|Any CPU
		Release|Any CPU = Release|Any CPU
	EndGlobalSection
	GlobalSection(ProjectConfigurationPlatforms) = postSolution
		{9C0EBC00-9BCA-45A6-B8E1-2B19E3343299}.Debug|Any CPU.ActiveCfg = Debug|Any CPU
		{9C0EBC00-9BCA-45A6-B8E1-2B19E3343299}.Debug|Any CPU.Build.0 = Debug|Any CPU
		{9C0EBC00-9BCA-45A6-B8E1-2B19E3343299}.Release|Any CPU.ActiveCfg = Release|Any CPU
		{9C0EBC00-9BCA-45A6-B8E1-2B19E3343299}.Release|Any CPU.Build.0 = Release|Any CPU
		{9D706DD7-EFE8-4034-94BF-66C0950B00FA}.Debug|Any CPU.ActiveCfg = Debug|Any CPU
		{9D706DD7-EFE8-4034-94BF-66C0950B00FA}.Debug|Any CPU.Build.0 = Debug|Any CPU
		{9D706DD7-EFE8-4034-94BF-66C0950B00FA}.Release|Any CPU.ActiveCfg = Release|Any CPU
		{9D706DD7-EFE8-4034-94BF-66C0950B00FA}.Release|Any CPU.Build.0 = Release|Any CPU
	EndGlobalSection
	GlobalSection(SolutionProperties) = preSolution
		HideSolutionNode = FALSE
	EndGlobalSection
	GlobalSection(ExtensibilityGlobals) = postSolution
		SolutionGuid = {316D76ED-5514-4EAA-8149-4A788DA90E84}
	EndGlobalSection
EndGlobal
